<?xml version="1.0" encoding="utf-8"?>
<Project ToolsVersion="4.0" xmlns="http://schemas.microsoft.com/developer/msbuild/2003">
  <ItemGroup>
    <Manifest Include="Application.manifest" />
  </ItemGroup>
  <ItemGroup>
    <ClCompile Include="pch.cpp">
      <Filter>Source Files</Filter>
    </ClCompile>
    <ClCompile Include="main.cpp">
      <Filter>Source Files</Filter>
    </ClCompile>
    <ClCompile Include="ReactInstanceSettingsTests.cpp">
      <Filter>Test Files</Filter>
    </ClCompile>
    <ClCompile Include="ReactNativeHostTests.cpp">
      <Filter>Test Files</Filter>
    </ClCompile>
    <ClCompile Include="ReactNonAbiValueTests.cpp">
      <Filter>Test Files</Filter>
    </ClCompile>
    <ClCompile Include="ReactNotificationServiceTests.cpp">
      <Filter>Test Files</Filter>
    </ClCompile>
    <ClCompile Include="ReactPropertyBagTests.cpp">
      <Filter>Test Files</Filter>
    </ClCompile>
    <ClCompile Include="TurboModuleTests.cpp">
      <Filter>Test Files</Filter>
    </ClCompile>
    <ClCompile Include="UniversalTestRunner.cpp">
      <Filter>Source Files</Filter>
    </ClCompile>
  </ItemGroup>
  <ItemGroup>
    <ClInclude Include="pch.h">
      <Filter>Header Files</Filter>
    </ClInclude>
    <ClInclude Include="MockReactPackageProvider.h">
      <Filter>Header Files</Filter>
    </ClInclude>
  </ItemGroup>
  <ItemGroup>
    <None Include="AddValues.js" />
    <None Include="TurboModuleTests.js" />
    <None Include="packages.config" />
  </ItemGroup>
  <ItemGroup>
    <Filter Include="Source Files">
      <UniqueIdentifier>{016051cb-ccb1-492f-b185-c27312a8e402}</UniqueIdentifier>
    </Filter>
    <Filter Include="Header Files">
      <UniqueIdentifier>{7cfd9c76-9b96-4baf-8e7e-583d74a90c14}</UniqueIdentifier>
    </Filter>
    <Filter Include="Test Files">
      <UniqueIdentifier>{f19e733c-6d79-417b-8872-3b7f10d45c7a}</UniqueIdentifier>
    </Filter>
  </ItemGroup>
</Project>